// !$*UTF8*$!
{
	archiveVersion = 1;
	classes = {
	};
	objectVersion = 50;
	objects = {

/* Begin PBXBuildFile section */
		E36BC89DB96D0B1E0BA01EB6 /* Pods_ServerSentEventsObjectiveC.framework in Frameworks */ = {isa = PBXBuildFile; fileRef = 17589D14D3792FD6BFF1919A /* Pods_ServerSentEventsObjectiveC.framework */; };
		EC33B04A237020E1005C8EE0 /* AppDelegate.m in Sources */ = {isa = PBXBuildFile; fileRef = EC33B049237020E1005C8EE0 /* AppDelegate.m */; };
		EC33B04D237020E1005C8EE0 /* ViewController.m in Sources */ = {isa = PBXBuildFile; fileRef = EC33B04C237020E1005C8EE0 /* ViewController.m */; };
		EC33B050237020E1005C8EE0 /* Main.storyboard in Resources */ = {isa = PBXBuildFile; fileRef = EC33B04E237020E1005C8EE0 /* Main.storyboard */; };
		EC33B052237020E7005C8EE0 /* Assets.xcassets in Resources */ = {isa = PBXBuildFile; fileRef = EC33B051237020E7005C8EE0 /* Assets.xcassets */; };
		EC33B055237020E7005C8EE0 /* LaunchScreen.storyboard in Resources */ = {isa = PBXBuildFile; fileRef = EC33B053237020E7005C8EE0 /* LaunchScreen.storyboard */; };
		EC33B058237020E7005C8EE0 /* main.m in Sources */ = {isa = PBXBuildFile; fileRef = EC33B057237020E7005C8EE0 /* main.m */; };
/* End PBXBuildFile section */

/* Begin PBXFileReference section */
		03AA70D65675FCDA752D6690 /* Pods-ServerSentEventsObjectiveC.debug.xcconfig */ = {isa = PBXFileReference; includeInIndex = 1; lastKnownFileType = text.xcconfig; name = "Pods-ServerSentEventsObjectiveC.debug.xcconfig"; path = "Target Support Files/Pods-ServerSentEventsObjectiveC/Pods-ServerSentEventsObjectiveC.debug.xcconfig"; sourceTree = "<group>"; };
		17589D14D3792FD6BFF1919A /* Pods_ServerSentEventsObjectiveC.framework */ = {isa = PBXFileReference; explicitFileType = wrapper.framework; includeInIndex = 0; path = Pods_ServerSentEventsObjectiveC.framework; sourceTree = BUILT_PRODUCTS_DIR; };
		EC33B045237020E1005C8EE0 /* ServerSentEventsObjectiveC.app */ = {isa = PBXFileReference; explicitFileType = wrapper.application; includeInIndex = 0; path = ServerSentEventsObjectiveC.app; sourceTree = BUILT_PRODUCTS_DIR; };
		EC33B048237020E1005C8EE0 /* AppDelegate.h */ = {isa = PBXFileReference; lastKnownFileType = sourcecode.c.h; path = AppDelegate.h; sourceTree = "<group>"; };
		EC33B049237020E1005C8EE0 /* AppDelegate.m */ = {isa = PBXFileReference; lastKnownFileType = sourcecode.c.objc; path = AppDelegate.m; sourceTree = "<group>"; };
		EC33B04B237020E1005C8EE0 /* ViewController.h */ = {isa = PBXFileReference; lastKnownFileType = sourcecode.c.h; path = ViewController.h; sourceTree = "<group>"; };
		EC33B04C237020E1005C8EE0 /* ViewController.m */ = {isa = PBXFileReference; lastKnownFileType = sourcecode.c.objc; path = ViewController.m; sourceTree = "<group>"; };
		EC33B04F237020E1005C8EE0 /* Base */ = {isa = PBXFileReference; lastKnownFileType = file.storyboard; name = Base; path = Base.lproj/Main.storyboard; sourceTree = "<group>"; };
		EC33B051237020E7005C8EE0 /* Assets.xcassets */ = {isa = PBXFileReference; lastKnownFileType = folder.assetcatalog; path = Assets.xcassets; sourceTree = "<group>"; };
		EC33B054237020E7005C8EE0 /* Base */ = {isa = PBXFileReference; lastKnownFileType = file.storyboard; name = Base; path = Base.lproj/LaunchScreen.storyboard; sourceTree = "<group>"; };
		EC33B056237020E7005C8EE0 /* Info.plist */ = {isa = PBXFileReference; lastKnownFileType = text.plist.xml; path = Info.plist; sourceTree = "<group>"; };
		EC33B057237020E7005C8EE0 /* main.m */ = {isa = PBXFileReference; lastKnownFileType = sourcecode.c.objc; path = main.m; sourceTree = "<group>"; };
		F19F669746831D063FCEBA31 /* Pods-ServerSentEventsObjectiveC.release.xcconfig */ = {isa = PBXFileReference; includeInIndex = 1; lastKnownFileType = text.xcconfig; name = "Pods-ServerSentEventsObjectiveC.release.xcconfig"; path = "Target Support Files/Pods-ServerSentEventsObjectiveC/Pods-ServerSentEventsObjectiveC.release.xcconfig"; sourceTree = "<group>"; };
/* End PBXFileReference section */

/* Begin PBXFrameworksBuildPhase section */
		EC33B042237020E1005C8EE0 /* Frameworks */ = {
			isa = PBXFrameworksBuildPhase;
			buildActionMask = 2147483647;
			files = (
				E36BC89DB96D0B1E0BA01EB6 /* Pods_ServerSentEventsObjectiveC.framework in Frameworks */,
			);
			runOnlyForDeploymentPostprocessing = 0;
		};
/* End PBXFrameworksBuildPhase section */

/* Begin PBXGroup section */
		04C77836F2DBC3D02154977F /* Frameworks */ = {
			isa = PBXGroup;
			children = (
				17589D14D3792FD6BFF1919A /* Pods_ServerSentEventsObjectiveC.framework */,
			);
			name = Frameworks;
			sourceTree = "<group>";
		};
		C7DF644D9B073C84653DE721 /* Pods */ = {
			isa = PBXGroup;
			children = (
				03AA70D65675FCDA752D6690 /* Pods-ServerSentEventsObjectiveC.debug.xcconfig */,
				F19F669746831D063FCEBA31 /* Pods-ServerSentEventsObjectiveC.release.xcconfig */,
			);
			name = Pods;
			path = Pods;
			sourceTree = "<group>";
		};
		EC33B03C237020E1005C8EE0 = {
			isa = PBXGroup;
			children = (
				EC33B047237020E1005C8EE0 /* ServerSentEventsObjectiveC */,
				EC33B046237020E1005C8EE0 /* Products */,
				C7DF644D9B073C84653DE721 /* Pods */,
				04C77836F2DBC3D02154977F /* Frameworks */,
			);
			sourceTree = "<group>";
		};
		EC33B046237020E1005C8EE0 /* Products */ = {
			isa = PBXGroup;
			children = (
				EC33B045237020E1005C8EE0 /* ServerSentEventsObjectiveC.app */,
			);
			name = Products;
			sourceTree = "<group>";
		};
		EC33B047237020E1005C8EE0 /* ServerSentEventsObjectiveC */ = {
			isa = PBXGroup;
			children = (
				EC33B048237020E1005C8EE0 /* AppDelegate.h */,
				EC33B049237020E1005C8EE0 /* AppDelegate.m */,
				EC33B04B237020E1005C8EE0 /* ViewController.h */,
				EC33B04C237020E1005C8EE0 /* ViewController.m */,
				EC33B04E237020E1005C8EE0 /* Main.storyboard */,
				EC33B051237020E7005C8EE0 /* Assets.xcassets */,
				EC33B053237020E7005C8EE0 /* LaunchScreen.storyboard */,
				EC33B056237020E7005C8EE0 /* Info.plist */,
				EC33B057237020E7005C8EE0 /* main.m */,
			);
			path = ServerSentEventsObjectiveC;
			sourceTree = "<group>";
		};
/* End PBXGroup section */

/* Begin PBXNativeTarget section */
		EC33B044237020E1005C8EE0 /* ServerSentEventsObjectiveC */ = {
			isa = PBXNativeTarget;
			buildConfigurationList = EC33B05B237020E7005C8EE0 /* Build configuration list for PBXNativeTarget "ServerSentEventsObjectiveC" */;
			buildPhases = (
				EEEB2606A1E917BCE0F45B31 /* [CP] Check Pods Manifest.lock */,
				EC33B041237020E1005C8EE0 /* Sources */,
				EC33B042237020E1005C8EE0 /* Frameworks */,
				EC33B043237020E1005C8EE0 /* Resources */,
				4BAB43F3B18EA14ECC29829A /* [CP] Embed Pods Frameworks */,
			);
			buildRules = (
			);
			dependencies = (
			);
			name = ServerSentEventsObjectiveC;
			productName = ServerSentEventsObjectiveC;
			productReference = EC33B045237020E1005C8EE0 /* ServerSentEventsObjectiveC.app */;
			productType = "com.apple.product-type.application";
		};
/* End PBXNativeTarget section */

/* Begin PBXProject section */
		EC33B03D237020E1005C8EE0 /* Project object */ = {
			isa = PBXProject;
			attributes = {
				LastUpgradeCheck = 1020;
				ORGANIZATIONNAME = iHubTechnologiesPvtLtd;
				TargetAttributes = {
					EC33B044237020E1005C8EE0 = {
						CreatedOnToolsVersion = 10.2;
					};
				};
			};
			buildConfigurationList = EC33B040237020E1005C8EE0 /* Build configuration list for PBXProject "ServerSentEventsObjectiveC" */;
			compatibilityVersion = "Xcode 9.3";
			developmentRegion = en;
			hasScannedForEncodings = 0;
			knownRegions = (
				en,
				Base,
			);
			mainGroup = EC33B03C237020E1005C8EE0;
			productRefGroup = EC33B046237020E1005C8EE0 /* Products */;
			projectDirPath = "";
			projectRoot = "";
			targets = (
				EC33B044237020E1005C8EE0 /* ServerSentEventsObjectiveC */,
			);
		};
/* End PBXProject section */

/* Begin PBXResourcesBuildPhase section */
		EC33B043237020E1005C8EE0 /* Resources */ = {
			isa = PBXResourcesBuildPhase;
			buildActionMask = 2147483647;
			files = (
				EC33B055237020E7005C8EE0 /* LaunchScreen.storyboard in Resources */,
				EC33B052237020E7005C8EE0 /* Assets.xcassets in Resources */,
				EC33B050237020E1005C8EE0 /* Main.storyboard in Resources */,
			);
			runOnlyForDeploymentPostprocessing = 0;
		};
/* End PBXResourcesBuildPhase section */

/* Begin PBXShellScriptBuildPhase section */
		4BAB43F3B18EA14ECC29829A /* [CP] Embed Pods Frameworks */ = {
			isa = PBXShellScriptBuildPhase;
			buildActionMask = 2147483647;
			files = (
			);
			inputFileListPaths = (
				"${PODS_ROOT}/Target Support Files/Pods-ServerSentEventsObjectiveC/Pods-ServerSentEventsObjectiveC-frameworks-${CONFIGURATION}-input-files.xcfilelist",
			);
			name = "[CP] Embed Pods Frameworks";
			outputFileListPaths = (
				"${PODS_ROOT}/Target Support Files/Pods-ServerSentEventsObjectiveC/Pods-ServerSentEventsObjectiveC-frameworks-${CONFIGURATION}-output-files.xcfilelist",
			);
			runOnlyForDeploymentPostprocessing = 0;
			shellPath = /bin/sh;
			shellScript = "\"${PODS_ROOT}/Target Support Files/Pods-ServerSentEventsObjectiveC/Pods-ServerSentEventsObjectiveC-frameworks.sh\"\n";
			showEnvVarsInLog = 0;
		};
		EEEB2606A1E917BCE0F45B31 /* [CP] Check Pods Manifest.lock */ = {
			isa = PBXShellScriptBuildPhase;
			buildActionMask = 2147483647;
			files = (
			);
			inputFileListPaths = (
			);
			inputPaths = (
				"${PODS_PODFILE_DIR_PATH}/Podfile.lock",
				"${PODS_ROOT}/Manifest.lock",
			);
			name = "[CP] Check Pods Manifest.lock";
			outputFileListPaths = (
			);
			outputPaths = (
				"$(DERIVED_FILE_DIR)/Pods-ServerSentEventsObjectiveC-checkManifestLockResult.txt",
			);
			runOnlyForDeploymentPostprocessing = 0;
			shellPath = /bin/sh;
			shellScript = "diff \"${PODS_PODFILE_DIR_PATH}/Podfile.lock\" \"${PODS_ROOT}/Manifest.lock\" > /dev/null\nif [ $? != 0 ] ; then\n    # print error to STDERR\n    echo \"error: The sandbox is not in sync with the Podfile.lock. Run 'pod install' or update your CocoaPods installation.\" >&2\n    exit 1\nfi\n# This output is used by Xcode 'outputs' to avoid re-running this script phase.\necho \"SUCCESS\" > \"${SCRIPT_OUTPUT_FILE_0}\"\n";
			showEnvVarsInLog = 0;
		};
/* End PBXShellScriptBuildPhase section */

/* Begin PBXSourcesBuildPhase section */
		EC33B041237020E1005C8EE0 /* Sources */ = {
			isa = PBXSourcesBuildPhase;
			buildActionMask = 2147483647;
			files = (
				EC33B04D237020E1005C8EE0 /* ViewController.m in Sources */,
				EC33B058237020E7005C8EE0 /* main.m in Sources */,
				EC33B04A237020E1005C8EE0 /* AppDelegate.m in Sources */,
			);
			runOnlyForDeploymentPostprocessing = 0;
		};
/* End PBXSourcesBuildPhase section */

/* Begin PBXVariantGroup section */
		EC33B04E237020E1005C8EE0 /* Main.storyboard */ = {
			isa = PBXVariantGroup;
			children = (
				EC33B04F237020E1005C8EE0 /* Base */,
			);
			name = Main.storyboard;
			sourceTree = "<group>";
		};
		EC33B053237020E7005C8EE0 /* LaunchScreen.storyboard */ = {
			isa = PBXVariantGroup;
			children = (
				EC33B054237020E7005C8EE0 /* Base */,
			);
			name = LaunchScreen.storyboard;
			sourceTree = "<group>";
		};
/* End PBXVariantGroup section */

/* Begin XCBuildConfiguration section */
		EC33B059237020E7005C8EE0 /* Debug */ = {
			isa = XCBuildConfiguration;
			buildSettings = {
				ALWAYS_SEARCH_USER_PATHS = NO;
				CLANG_ANALYZER_NONNULL = YES;
				CLANG_ANALYZER_NUMBER_OBJECT_CONVERSION = YES_AGGRESSIVE;
				CLANG_CXX_LANGUAGE_STANDARD = "gnu++14";
				CLANG_CXX_LIBRARY = "libc++";
				CLANG_ENABLE_MODULES = YES;
				CLANG_ENABLE_OBJC_ARC = YES;
				CLANG_ENABLE_OBJC_WEAK = YES;
				CLANG_WARN_BLOCK_CAPTURE_AUTORELEASING = YES;
				CLANG_WARN_BOOL_CONVERSION = YES;
				CLANG_WARN_COMMA = YES;
				CLANG_WARN_CONSTANT_CONVERSION = YES;
				CLANG_WARN_DEPRECATED_OBJC_IMPLEMENTATIONS = YES;
				CLANG_WARN_DIRECT_OBJC_ISA_USAGE = YES_ERROR;
				CLANG_WARN_DOCUMENTATION_COMMENTS = YES;
				CLANG_WARN_EMPTY_BODY = YES;
				CLANG_WARN_ENUM_CONVERSION = YES;
				CLANG_WARN_INFINITE_RECURSION = YES;
				CLANG_WARN_INT_CONVERSION = YES;
				CLANG_WARN_NON_LITERAL_NULL_CONVERSION = YES;
				CLANG_WARN_OBJC_IMPLICIT_RETAIN_SELF = YES;
				CLANG_WARN_OBJC_LITERAL_CONVERSION = YES;
				CLANG_WARN_OBJC_ROOT_CLASS = YES_ERROR;
				CLANG_WARN_RANGE_LOOP_ANALYSIS = YES;
				CLANG_WARN_STRICT_PROTOTYPES = YES;
				CLANG_WARN_SUSPICIOUS_MOVE = YES;
				CLANG_WARN_UNGUARDED_AVAILABILITY = YES_AGGRESSIVE;
				CLANG_WARN_UNREACHABLE_CODE = YES;
				CLANG_WARN__DUPLICATE_METHOD_MATCH = YES;
				CODE_SIGN_IDENTITY = "iPhone Developer";
				COPY_PHASE_STRIP = NO;
				DEBUG_INFORMATION_FORMAT = dwarf;
				ENABLE_STRICT_OBJC_MSGSEND = YES;
				ENABLE_TESTABILITY = YES;
				GCC_C_LANGUAGE_STANDARD = gnu11;
				GCC_DYNAMIC_NO_PIC = NO;
				GCC_NO_COMMON_BLOCKS = YES;
				GCC_OPTIMIZATION_LEVEL = 0;
				GCC_PREPROCESSOR_DEFINITIONS = (
					"DEBUG=1",
					"$(inherited)",
				);
				GCC_WARN_64_TO_32_BIT_CONVERSION = YES;
				GCC_WARN_ABOUT_RETURN_TYPE = YES_ERROR;
				GCC_WARN_UNDECLARED_SELECTOR = YES;
				GCC_WARN_UNINITIALIZED_AUTOS = YES_AGGRESSIVE;
				GCC_WARN_UNUSED_FUNCTION = YES;
				GCC_WARN_UNUSED_VARIABLE = YES;
				IPHONEOS_DEPLOYMENT_TARGET = 12.2;
				MTL_ENABLE_DEBUG_INFO = INCLUDE_SOURCE;
				MTL_FAST_MATH = YES;
				ONLY_ACTIVE_ARCH = YES;
				SDKROOT = iphoneos;
			};
			name = Debug;
		};
		EC33B05A237020E7005C8EE0 /* Release */ = {
			isa = XCBuildConfiguration;
			buildSettings = {
				ALWAYS_SEARCH_USER_PATHS = NO;
				CLANG_ANALYZER_NONNULL = YES;
				CLANG_ANALYZER_NUMBER_OBJECT_CONVERSION = YES_AGGRESSIVE;
				CLANG_CXX_LANGUAGE_STANDARD = "gnu++14";
				CLANG_CXX_LIBRARY = "libc++";
				CLANG_ENABLE_MODULES = YES;
				CLANG_ENABLE_OBJC_ARC = YES;
				CLANG_ENABLE_OBJC_WEAK = YES;
				CLANG_WARN_BLOCK_CAPTURE_AUTORELEASING = YES;
				CLANG_WARN_BOOL_CONVERSION = YES;
				CLANG_WARN_COMMA = YES;
				CLANG_WARN_CONSTANT_CONVERSION = YES;
				CLANG_WARN_DEPRECATED_OBJC_IMPLEMENTATIONS = YES;
				CLANG_WARN_DIRECT_OBJC_ISA_USAGE = YES_ERROR;
				CLANG_WARN_DOCUMENTATION_COMMENTS = YES;
				CLANG_WARN_EMPTY_BODY = YES;
				CLANG_WARN_ENUM_CONVERSION = YES;
				CLANG_WARN_INFINITE_RECURSION = YES;
				CLANG_WARN_INT_CONVERSION = YES;
				CLANG_WARN_NON_LITERAL_NULL_CONVERSION = YES;
				CLANG_WARN_OBJC_IMPLICIT_RETAIN_SELF = YES;
				CLANG_WARN_OBJC_LITERAL_CONVERSION = YES;
				CLANG_WARN_OBJC_ROOT_CLASS = YES_ERROR;
				CLANG_WARN_RANGE_LOOP_ANALYSIS = YES;
				CLANG_WARN_STRICT_PROTOTYPES = YES;
				CLANG_WARN_SUSPICIOUS_MOVE = YES;
				CLANG_WARN_UNGUARDED_AVAILABILITY = YES_AGGRESSIVE;
				CLANG_WARN_UNREACHABLE_CODE = YES;
				CLANG_WARN__DUPLICATE_METHOD_MATCH = YES;
				CODE_SIGN_IDENTITY = "iPhone Developer";
				COPY_PHASE_STRIP = NO;
				DEBUG_INFORMATION_FORMAT = "dwarf-with-dsym";
				ENABLE_NS_ASSERTIONS = NO;
				ENABLE_STRICT_OBJC_MSGSEND = YES;
				GCC_C_LANGUAGE_STANDARD = gnu11;
				GCC_NO_COMMON_BLOCKS = YES;
				GCC_WARN_64_TO_32_BIT_CONVERSION = YES;
				GCC_WARN_ABOUT_RETURN_TYPE = YES_ERROR;
				GCC_WARN_UNDECLARED_SELECTOR = YES;
				GCC_WARN_UNINITIALIZED_AUTOS = YES_AGGRESSIVE;
				GCC_WARN_UNUSED_FUNCTION = YES;
				GCC_WARN_UNUSED_VARIABLE = YES;
				IPHONEOS_DEPLOYMENT_TARGET = 12.2;
				MTL_ENABLE_DEBUG_INFO = NO;
				MTL_FAST_MATH = YES;
				SDKROOT = iphoneos;
				VALIDATE_PRODUCT = YES;
			};
			name = Release;
		};
		EC33B05C237020E7005C8EE0 /* Debug */ = {
			isa = XCBuildConfiguration;
			baseConfigurationReference = 03AA70D65675FCDA752D6690 /* Pods-ServerSentEventsObjectiveC.debug.xcconfig */;
			buildSettings = {
				ASSETCATALOG_COMPILER_APPICON_NAME = AppIcon;
				CODE_SIGN_STYLE = Automatic;
				DEVELOPMENT_TEAM = "";
				INFOPLIST_FILE = ServerSentEventsObjectiveC/Info.plist;
				LD_RUNPATH_SEARCH_PATHS = (
					"$(inherited)",
					"@executable_path/Frameworks",
				);
				PRODUCT_BUNDLE_IDENTIFIER = iHubTechnologiesPvtLtd.ServerSentEventsObjectiveC;
				PRODUCT_NAME = "$(TARGET_NAME)";
				TARGETED_DEVICE_FAMILY = "1,2";
			};
			name = Debug;
		};
		EC33B05D237020E7005C8EE0 /* Release */ = {
			isa = XCBuildConfiguration;
			baseConfigurationReference = F19F669746831D063FCEBA31 /* Pods-ServerSentEventsObjectiveC.release.xcconfig */;
			buildSettings = {
				ASSETCATALOG_COMPILER_APPICON_NAME = AppIcon;
				CODE_SIGN_STYLE = Automatic;
				DEVELOPMENT_TEAM = "";
				INFOPLIST_FILE = ServerSentEventsObjectiveC/Info.plist;
				LD_RUNPATH_SEARCH_PATHS = (
					"$(inherited)",
					"@executable_path/Frameworks",
				);
				PRODUCT_BUNDLE_IDENTIFIER = iHubTechnologiesPvtLtd.ServerSentEventsObjectiveC;
				PRODUCT_NAME = "$(TARGET_NAME)";
				TARGETED_DEVICE_FAMILY = "1,2";
			};
			name = Release;
		};
/* End XCBuildConfiguration section */

/* Begin XCConfigurationList section */
		EC33B040237020E1005C8EE0 /* Build configuration list for PBXProject "ServerSentEventsObjectiveC" */ = {
			isa = XCConfigurationList;
			buildConfigurations = (
				EC33B059237020E7005C8EE0 /* Debug */,
				EC33B05A237020E7005C8EE0 /* Release */,
			);
			defaultConfigurationIsVisible = 0;
			defaultConfigurationName = Release;
		};
		EC33B05B237020E7005C8EE0 /* Build configuration list for PBXNativeTarget "ServerSentEventsObjectiveC" */ = {
			isa = XCConfigurationList;
			buildConfigurations = (
				EC33B05C237020E7005C8EE0 /* Debug */,
				EC33B05D237020E7005C8EE0 /* Release */,
			);
			defaultConfigurationIsVisible = 0;
			defaultConfigurationName = Release;
		};
/* End XCConfigurationList section */
	};
	rootObject = EC33B03D237020E1005C8EE0 /* Project object */;
}
